
Microsoft Visual Studio Solution File, Format Version 12.00
# Visual Studio Version 17
VisualStudioVersion = 17.10.34916.146
MinimumVisualStudioVersion = 10.0.40219.1
Project("{9A19103F-16F7-4668-BE54-9A1E7A4F7556}") = "CoursesAPI", "CoursesAPI\CoursesAPI.csproj", "{48E81313-714C-40D7-9B7F-3A2241448480}"
EndProject
Project("{FAE04EC0-301F-11D3-BF4B-00C04F79EFBC}") = "CoursesMVC", "CoursesMVC\CoursesMVC.csproj", "{BACDA688-C731-4A3D-8BA3-9D329A805B11}"
EndProject
Global
	GlobalSection(SolutionConfigurationPlatforms) = preSolution
		Debug|Any CPU = Debug|Any CPU
		Release|Any CPU = Release|Any CPU
	EndGlobalSection
	GlobalSection(ProjectConfigurationPlatforms) = postSolution
		{48E81313-714C-40D7-9B7F-3A2241448480}.Debug|Any CPU.ActiveCfg = Debug|Any CPU
		{48E81313-714C-40D7-9B7F-3A2241448480}.Debug|Any CPU.Build.0 = Debug|Any CPU
		{48E81313-714C-40D7-9B7F-3A2241448480}.Release|Any CPU.ActiveCfg = Release|Any CPU
		{48E81313-714C-40D7-9B7F-3A2241448480}.Release|Any CPU.Build.0 = Release|Any CPU
		{BACDA688-C731-4A3D-8BA3-9D329A805B11}.Debug|Any CPU.ActiveCfg = Debug|Any CPU
		{BACDA688-C731-4A3D-8BA3-9D329A805B11}.Debug|Any CPU.Build.0 = Debug|Any CPU
		{BACDA688-C731-4A3D-8BA3-9D329A805B11}.Release|Any CPU.ActiveCfg = Release|Any CPU
		{BACDA688-C731-4A3D-8BA3-9D329A805B11}.Release|Any CPU.Build.0 = Release|Any CPU
	EndGlobalSection
	GlobalSection(SolutionProperties) = preSolution
		HideSolutionNode = FALSE
	EndGlobalSection
	GlobalSection(ExtensibilityGlobals) = postSolution
		SolutionGuid = {AEB30EF8-D428-44C7-9BCE-C640E00D3E66}
	EndGlobalSection
EndGlobal
